
Microsoft Visual Studio Solution File, Format Version 12.00
# Visual Studio Version 17
VisualStudioVersion = 17.12.35728.132
MinimumVisualStudioVersion = 10.0.40219.1
Project("{FAE04EC0-301F-11D3-BF4B-00C04F79EFBC}") = "WebAuthNPlay", "Host\WebAuthNPlay.csproj", "{024894C8-EB9A-49FC-9039-68BD91247039}"
EndProject
Project("{FAE04EC0-301F-11D3-BF4B-00C04F79EFBC}") = "Aegis.Passkeys", "Aegis.Passkeys\Aegis.Passkeys.csproj", "{B06EEBB6-7F9D-4C4A-BF81-1D1CA7796810}"
EndProject
Global
	GlobalSection(SolutionConfigurationPlatforms) = preSolution
		Debug|Any CPU = Debug|Any CPU
		Release|Any CPU = Release|Any CPU
	EndGlobalSection
	GlobalSection(ProjectConfigurationPlatforms) = postSolution
		{024894C8-EB9A-49FC-9039-68BD91247039}.Debug|Any CPU.ActiveCfg = Debug|Any CPU
		{024894C8-EB9A-49FC-9039-68BD91247039}.Debug|Any CPU.Build.0 = Debug|Any CPU
		{024894C8-EB9A-49FC-9039-68BD91247039}.Release|Any CPU.ActiveCfg = Release|Any CPU
		{024894C8-EB9A-49FC-9039-68BD91247039}.Release|Any CPU.Build.0 = Release|Any CPU
		{B06EEBB6-7F9D-4C4A-BF81-1D1CA7796810}.Debug|Any CPU.ActiveCfg = Debug|Any CPU
		{B06EEBB6-7F9D-4C4A-BF81-1D1CA7796810}.Debug|Any CPU.Build.0 = Debug|Any CPU
		{B06EEBB6-7F9D-4C4A-BF81-1D1CA7796810}.Release|Any CPU.ActiveCfg = Release|Any CPU
		{B06EEBB6-7F9D-4C4A-BF81-1D1CA7796810}.Release|Any CPU.Build.0 = Release|Any CPU
	EndGlobalSection
	GlobalSection(SolutionProperties) = preSolution
		HideSolutionNode = FALSE
	EndGlobalSection
EndGlobal
