
Microsoft Visual Studio Solution File, Format Version 12.00
# Visual Studio Version 17
VisualStudioVersion = 17.0.31919.166
MinimumVisualStudioVersion = 10.0.40219.1
Project("{9A19103F-16F7-4668-BE54-9A1E7A4F7556}") = "Aegis", "Aegis\Aegis.csproj", "{E16ECD88-F72A-44BA-910A-624BD716F9AB}"
EndProject
Project("{9A19103F-16F7-4668-BE54-9A1E7A4F7556}") = "Aegis.Core", "Aegis.Core\Aegis.Core.csproj", "{4AF51740-3868-49F9-8F82-C8C297CDB5F4}"
EndProject
Project("{9A19103F-16F7-4668-BE54-9A1E7A4F7556}") = "Aegis.Models", "Aegis.Models\Aegis.Models.csproj", "{D5F6C480-6FA8-474C-855C-DF97D0DB6187}"
EndProject
Project("{9A19103F-16F7-4668-BE54-9A1E7A4F7556}") = "Aegis.Test", "Aegis.Test\Aegis.Test.csproj", "{443C9A18-C0F3-4774-AA15-CAA090CC82B8}"
EndProject
Project("{2150E333-8FDC-42A3-9474-1A3956D46DE8}") = "Solution Items", "Solution Items", "{77B367BE-02FE-47C1-AD6E-457BFB781B4B}"
	ProjectSection(SolutionItems) = preProject
		.editorconfig = .editorconfig
	EndProjectSection
EndProject
Global
	GlobalSection(SolutionConfigurationPlatforms) = preSolution
		Debug|Any CPU = Debug|Any CPU
		Release|Any CPU = Release|Any CPU
	EndGlobalSection
	GlobalSection(ProjectConfigurationPlatforms) = postSolution
		{E16ECD88-F72A-44BA-910A-624BD716F9AB}.Debug|Any CPU.ActiveCfg = Debug|Any CPU
		{E16ECD88-F72A-44BA-910A-624BD716F9AB}.Debug|Any CPU.Build.0 = Debug|Any CPU
		{E16ECD88-F72A-44BA-910A-624BD716F9AB}.Release|Any CPU.ActiveCfg = Release|Any CPU
		{E16ECD88-F72A-44BA-910A-624BD716F9AB}.Release|Any CPU.Build.0 = Release|Any CPU
		{4AF51740-3868-49F9-8F82-C8C297CDB5F4}.Debug|Any CPU.ActiveCfg = Debug|Any CPU
		{4AF51740-3868-49F9-8F82-C8C297CDB5F4}.Debug|Any CPU.Build.0 = Debug|Any CPU
		{4AF51740-3868-49F9-8F82-C8C297CDB5F4}.Release|Any CPU.ActiveCfg = Release|Any CPU
		{4AF51740-3868-49F9-8F82-C8C297CDB5F4}.Release|Any CPU.Build.0 = Release|Any CPU
		{D5F6C480-6FA8-474C-855C-DF97D0DB6187}.Debug|Any CPU.ActiveCfg = Debug|Any CPU
		{D5F6C480-6FA8-474C-855C-DF97D0DB6187}.Debug|Any CPU.Build.0 = Debug|Any CPU
		{D5F6C480-6FA8-474C-855C-DF97D0DB6187}.Release|Any CPU.ActiveCfg = Release|Any CPU
		{D5F6C480-6FA8-474C-855C-DF97D0DB6187}.Release|Any CPU.Build.0 = Release|Any CPU
		{443C9A18-C0F3-4774-AA15-CAA090CC82B8}.Debug|Any CPU.ActiveCfg = Debug|Any CPU
		{443C9A18-C0F3-4774-AA15-CAA090CC82B8}.Debug|Any CPU.Build.0 = Debug|Any CPU
		{443C9A18-C0F3-4774-AA15-CAA090CC82B8}.Release|Any CPU.ActiveCfg = Release|Any CPU
		{443C9A18-C0F3-4774-AA15-CAA090CC82B8}.Release|Any CPU.Build.0 = Release|Any CPU
	EndGlobalSection
	GlobalSection(SolutionProperties) = preSolution
		HideSolutionNode = FALSE
	EndGlobalSection
	GlobalSection(ExtensibilityGlobals) = postSolution
		SolutionGuid = {4D41409E-D7CD-4E1B-8EC9-E921AE8C8269}
	EndGlobalSection
EndGlobal
